PODS:
  - agora-react-native-rtm (1.5.1):
    - AgoraRtm_iOS (= 1.5.1)
    - React-Core
  - AgoraRtcEngine_iOS (2.9.1)
  - AgoraRtm_iOS (1.5.1)
  - boost (1.76.0)
  - BVLinearGradient (2.6.2):
    - React-Core
  - Crashlytics (3.14.0):
    - Fabric (~> 1.10.2)
  - DoubleConversion (1.1.6)
  - Fabric (1.10.2)
  - FBLazyVector (0.69.10)
  - FBReactNativeSpec (0.69.10):
    - RCT-Folly (= 2021.06.28.00-v2)
    - RCTRequired (= 0.69.10)
    - RCTTypeSafety (= 0.69.10)
    - React-Core (= 0.69.10)
    - React-jsi (= 0.69.10)
    - ReactCommon/turbomodule/core (= 0.69.10)
  - Firebase (8.15.0):
    - Firebase/Core (= 8.15.0)
  - Firebase/Core (8.15.0):
    - Firebase/CoreOnly
    - FirebaseAnalytics (~> 8.15.0)
  - Firebase/CoreOnly (8.15.0):
    - FirebaseCore (= 8.15.0)
  - Firebase/Messaging (8.15.0):
    - Firebase/CoreOnly
    - FirebaseMessaging (~> 8.15.0)
  - FirebaseAnalytics (8.15.0):
    - FirebaseAnalytics/AdIdSupport (= 8.15.0)
    - FirebaseCore (~> 8.0)
    - FirebaseInstallations (~> 8.0)
    - GoogleUtilities/AppDelegateSwizzler (~> 7.7)
    - GoogleUtilities/MethodSwizzler (~> 7.7)
    - GoogleUtilities/Network (~> 7.7)
    - "GoogleUtilities/NSData+zlib (~> 7.7)"
    - nanopb (~> 2.30908.0)
  - FirebaseAnalytics/AdIdSupport (8.15.0):
    - FirebaseCore (~> 8.0)
    - FirebaseInstallations (~> 8.0)
    - GoogleAppMeasurement (= 8.15.0)
    - GoogleUtilities/AppDelegateSwizzler (~> 7.7)
    - GoogleUtilities/MethodSwizzler (~> 7.7)
    - GoogleUtilities/Network (~> 7.7)
    - "GoogleUtilities/NSData+zlib (~> 7.7)"
    - nanopb (~> 2.30908.0)
  - FirebaseCore (8.15.0):
    - FirebaseCoreDiagnostics (~> 8.0)
    - GoogleUtilities/Environment (~> 7.7)
    - GoogleUtilities/Logger (~> 7.7)
  - FirebaseCoreDiagnostics (8.15.0):
    - GoogleDataTransport (~> 9.1)
    - GoogleUtilities/Environment (~> 7.7)
    - GoogleUtilities/Logger (~> 7.7)
    - nanopb (~> 2.30908.0)
  - FirebaseInstallations (8.15.0):
    - FirebaseCore (~> 8.0)
    - GoogleUtilities/Environment (~> 7.7)
    - GoogleUtilities/UserDefaults (~> 7.7)
    - PromisesObjC (< 3.0, >= 1.2)
  - FirebaseMessaging (8.15.0):
    - FirebaseCore (~> 8.0)
    - FirebaseInstallations (~> 8.0)
    - GoogleDataTransport (~> 9.1)
    - GoogleUtilities/AppDelegateSwizzler (~> 7.7)
    - GoogleUtilities/Environment (~> 7.7)
    - GoogleUtilities/Reachability (~> 7.7)
    - GoogleUtilities/UserDefaults (~> 7.7)
    - nanopb (~> 2.30908.0)
  - fmt (6.2.1)
  - glog (0.3.5)
  - GoogleAppMeasurement (8.15.0):
    - GoogleAppMeasurement/AdIdSupport (= 8.15.0)
    - GoogleUtilities/AppDelegateSwizzler (~> 7.7)
    - GoogleUtilities/MethodSwizzler (~> 7.7)
    - GoogleUtilities/Network (~> 7.7)
    - "GoogleUtilities/NSData+zlib (~> 7.7)"
    - nanopb (~> 2.30908.0)
  - GoogleAppMeasurement/AdIdSupport (8.15.0):
    - GoogleAppMeasurement/WithoutAdIdSupport (= 8.15.0)
    - GoogleUtilities/AppDelegateSwizzler (~> 7.7)
    - GoogleUtilities/MethodSwizzler (~> 7.7)
    - GoogleUtilities/Network (~> 7.7)
    - "GoogleUtilities/NSData+zlib (~> 7.7)"
    - nanopb (~> 2.30908.0)
  - GoogleAppMeasurement/WithoutAdIdSupport (8.15.0):
    - GoogleUtilities/AppDelegateSwizzler (~> 7.7)
    - GoogleUtilities/MethodSwizzler (~> 7.7)
    - GoogleUtilities/Network (~> 7.7)
    - "GoogleUtilities/NSData+zlib (~> 7.7)"
    - nanopb (~> 2.30908.0)
  - GoogleDataTransport (9.2.3):
    - GoogleUtilities/Environment (~> 7.7)
    - nanopb (< 2.30910.0, >= 2.30908.0)
    - PromisesObjC (< 3.0, >= 1.2)
  - GoogleUtilities (7.11.1):
    - GoogleUtilities/AppDelegateSwizzler (= 7.11.1)
    - GoogleUtilities/Environment (= 7.11.1)
    - GoogleUtilities/ISASwizzler (= 7.11.1)
    - GoogleUtilities/Logger (= 7.11.1)
    - GoogleUtilities/MethodSwizzler (= 7.11.1)
    - GoogleUtilities/Network (= 7.11.1)
    - "GoogleUtilities/NSData+zlib (= 7.11.1)"
    - GoogleUtilities/Reachability (= 7.11.1)
    - GoogleUtilities/SwizzlerTestHelpers (= 7.11.1)
    - GoogleUtilities/UserDefaults (= 7.11.1)
  - GoogleUtilities/AppDelegateSwizzler (7.11.1):
    - GoogleUtilities/Environment
    - GoogleUtilities/Logger
    - GoogleUtilities/Network
  - GoogleUtilities/Environment (7.11.1):
    - PromisesObjC (< 3.0, >= 1.2)
  - GoogleUtilities/ISASwizzler (7.11.1)
  - GoogleUtilities/Logger (7.11.1):
    - GoogleUtilities/Environment
  - GoogleUtilities/MethodSwizzler (7.11.1):
    - GoogleUtilities/Logger
  - GoogleUtilities/Network (7.11.1):
    - GoogleUtilities/Logger
    - "GoogleUtilities/NSData+zlib"
    - GoogleUtilities/Reachability
  - "GoogleUtilities/NSData+zlib (7.11.1)"
  - GoogleUtilities/Reachability (7.11.1):
    - GoogleUtilities/Logger
  - GoogleUtilities/SwizzlerTestHelpers (7.11.1):
    - GoogleUtilities/MethodSwizzler
  - GoogleUtilities/UserDefaults (7.11.1):
    - GoogleUtilities/Logger
  - IQKeyboardManager (4.0.13)
  - nanopb (2.30908.0):
    - nanopb/decode (= 2.30908.0)
    - nanopb/encode (= 2.30908.0)
  - nanopb/decode (2.30908.0)
  - nanopb/encode (2.30908.0)
  - PromisesObjC (2.2.0)
  - PromisesSwift (2.2.0):
    - PromisesObjC (= 2.2.0)
  - RCT-Folly (2021.06.28.00-v2):
    - boost
    - DoubleConversion
    - fmt (~> 6.2.1)
    - glog
    - RCT-Folly/Default (= 2021.06.28.00-v2)
  - RCT-Folly/Default (2021.06.28.00-v2):
    - boost
    - DoubleConversion
    - fmt (~> 6.2.1)
    - glog
  - RCTRequired (0.69.10)
  - RCTSystemSetting (1.7.6):
    - React
  - RCTTypeSafety (0.69.10):
    - FBLazyVector (= 0.69.10)
    - RCTRequired (= 0.69.10)
    - React-Core (= 0.69.10)
  - React (0.69.10):
    - React-Core (= 0.69.10)
    - React-Core/DevSupport (= 0.69.10)
    - React-Core/RCTWebSocket (= 0.69.10)
    - React-RCTActionSheet (= 0.69.10)
    - React-RCTAnimation (= 0.69.10)
    - React-RCTBlob (= 0.69.10)
    - React-RCTImage (= 0.69.10)
    - React-RCTLinking (= 0.69.10)
    - React-RCTNetwork (= 0.69.10)
    - React-RCTSettings (= 0.69.10)
    - React-RCTText (= 0.69.10)
    - React-RCTVibration (= 0.69.10)
  - React-bridging (0.69.10):
    - RCT-Folly (= 2021.06.28.00-v2)
    - React-jsi (= 0.69.10)
  - React-callinvoker (0.69.10)
  - React-Codegen (0.69.10):
    - FBReactNativeSpec (= 0.69.10)
    - RCT-Folly (= 2021.06.28.00-v2)
    - RCTRequired (= 0.69.10)
    - RCTTypeSafety (= 0.69.10)
    - React-Core (= 0.69.10)
    - React-jsi (= 0.69.10)
    - React-jsiexecutor (= 0.69.10)
    - ReactCommon/turbomodule/core (= 0.69.10)
  - React-Core (0.69.10):
    - glog
    - RCT-Folly (= 2021.06.28.00-v2)
    - React-Core/Default (= 0.69.10)
    - React-cxxreact (= 0.69.10)
    - React-jsi (= 0.69.10)
    - React-jsiexecutor (= 0.69.10)
    - React-perflogger (= 0.69.10)
    - Yoga
  - React-Core/CoreModulesHeaders (0.69.10):
    - glog
    - RCT-Folly (= 2021.06.28.00-v2)
    - React-Core/Default
    - React-cxxreact (= 0.69.10)
    - React-jsi (= 0.69.10)
    - React-jsiexecutor (= 0.69.10)
    - React-perflogger (= 0.69.10)
    - Yoga
  - React-Core/Default (0.69.10):
    - glog
    - RCT-Folly (= 2021.06.28.00-v2)
    - React-cxxreact (= 0.69.10)
    - React-jsi (= 0.69.10)
    - React-jsiexecutor (= 0.69.10)
    - React-perflogger (= 0.69.10)
    - Yoga
  - React-Core/DevSupport (0.69.10):
    - glog
    - RCT-Folly (= 2021.06.28.00-v2)
    - React-Core/Default (= 0.69.10)
    - React-Core/RCTWebSocket (= 0.69.10)
    - React-cxxreact (= 0.69.10)
    - React-jsi (= 0.69.10)
    - React-jsiexecutor (= 0.69.10)
    - React-jsinspector (= 0.69.10)
    - React-perflogger (= 0.69.10)
    - Yoga
  - React-Core/RCTActionSheetHeaders (0.69.10):
    - glog
    - RCT-Folly (= 2021.06.28.00-v2)
    - React-Core/Default
    - React-cxxreact (= 0.69.10)
    - React-jsi (= 0.69.10)
    - React-jsiexecutor (= 0.69.10)
    - React-perflogger (= 0.69.10)
    - Yoga
  - React-Core/RCTAnimationHeaders (0.69.10):
    - glog
    - RCT-Folly (= 2021.06.28.00-v2)
    - React-Core/Default
    - React-cxxreact (= 0.69.10)
    - React-jsi (= 0.69.10)
    - React-jsiexecutor (= 0.69.10)
    - React-perflogger (= 0.69.10)
    - Yoga
  - React-Core/RCTBlobHeaders (0.69.10):
    - glog
    - RCT-Folly (= 2021.06.28.00-v2)
    - React-Core/Default
    - React-cxxreact (= 0.69.10)
    - React-jsi (= 0.69.10)
    - React-jsiexecutor (= 0.69.10)
    - React-perflogger (= 0.69.10)
    - Yoga
  - React-Core/RCTImageHeaders (0.69.10):
    - glog
    - RCT-Folly (= 2021.06.28.00-v2)
    - React-Core/Default
    - React-cxxreact (= 0.69.10)
    - React-jsi (= 0.69.10)
    - React-jsiexecutor (= 0.69.10)
    - React-perflogger (= 0.69.10)
    - Yoga
  - React-Core/RCTLinkingHeaders (0.69.10):
    - glog
    - RCT-Folly (= 2021.06.28.00-v2)
    - React-Core/Default
    - React-cxxreact (= 0.69.10)
    - React-jsi (= 0.69.10)
    - React-jsiexecutor (= 0.69.10)
    - React-perflogger (= 0.69.10)
    - Yoga
  - React-Core/RCTNetworkHeaders (0.69.10):
    - glog
    - RCT-Folly (= 2021.06.28.00-v2)
    - React-Core/Default
    - React-cxxreact (= 0.69.10)
    - React-jsi (= 0.69.10)
    - React-jsiexecutor (= 0.69.10)
    - React-perflogger (= 0.69.10)
    - Yoga
  - React-Core/RCTSettingsHeaders (0.69.10):
    - glog
    - RCT-Folly (= 2021.06.28.00-v2)
    - React-Core/Default
    - React-cxxreact (= 0.69.10)
    - React-jsi (= 0.69.10)
    - React-jsiexecutor (= 0.69.10)
    - React-perflogger (= 0.69.10)
    - Yoga
  - React-Core/RCTTextHeaders (0.69.10):
    - glog
    - RCT-Folly (= 2021.06.28.00-v2)
    - React-Core/Default
    - React-cxxreact (= 0.69.10)
    - React-jsi (= 0.69.10)
    - React-jsiexecutor (= 0.69.10)
    - React-perflogger (= 0.69.10)
    - Yoga
  - React-Core/RCTVibrationHeaders (0.69.10):
    - glog
    - RCT-Folly (= 2021.06.28.00-v2)
    - React-Core/Default
    - React-cxxreact (= 0.69.10)
    - React-jsi (= 0.69.10)
    - React-jsiexecutor (= 0.69.10)
    - React-perflogger (= 0.69.10)
    - Yoga
  - React-Core/RCTWebSocket (0.69.10):
    - glog
    - RCT-Folly (= 2021.06.28.00-v2)
    - React-Core/Default (= 0.69.10)
    - React-cxxreact (= 0.69.10)
    - React-jsi (= 0.69.10)
    - React-jsiexecutor (= 0.69.10)
    - React-perflogger (= 0.69.10)
    - Yoga
  - React-CoreModules (0.69.10):
    - RCT-Folly (= 2021.06.28.00-v2)
    - RCTTypeSafety (= 0.69.10)
    - React-Codegen (= 0.69.10)
    - React-Core/CoreModulesHeaders (= 0.69.10)
    - React-jsi (= 0.69.10)
    - React-RCTImage (= 0.69.10)
    - ReactCommon/turbomodule/core (= 0.69.10)
  - React-cxxreact (0.69.10):
    - boost (= 1.76.0)
    - DoubleConversion
    - glog
    - RCT-Folly (= 2021.06.28.00-v2)
    - React-callinvoker (= 0.69.10)
    - React-jsi (= 0.69.10)
    - React-jsinspector (= 0.69.10)
    - React-logger (= 0.69.10)
    - React-perflogger (= 0.69.10)
    - React-runtimeexecutor (= 0.69.10)
  - React-jsi (0.69.10):
    - boost (= 1.76.0)
    - DoubleConversion
    - glog
    - RCT-Folly (= 2021.06.28.00-v2)
    - React-jsi/Default (= 0.69.10)
  - React-jsi/Default (0.69.10):
    - boost (= 1.76.0)
    - DoubleConversion
    - glog
    - RCT-Folly (= 2021.06.28.00-v2)
  - React-jsiexecutor (0.69.10):
    - DoubleConversion
    - glog
    - RCT-Folly (= 2021.06.28.00-v2)
    - React-cxxreact (= 0.69.10)
    - React-jsi (= 0.69.10)
    - React-perflogger (= 0.69.10)
  - React-jsinspector (0.69.10)
  - React-logger (0.69.10):
    - glog
  - react-native-agora (2.9.1-alpha.7):
    - AgoraRtcEngine_iOS (= 2.9.1)
    - React
  - react-native-orientation (3.1.3):
    - React
  - react-native-safe-area-context (4.5.2):
    - RCT-Folly
    - RCTRequired
    - RCTTypeSafety
    - React-Core
    - ReactCommon/turbomodule/core
  - react-native-slider (2.0.9):
    - React
  - react-native-video (6.0.0-alpha.6):
    - React-Core
    - react-native-video/Video (= 6.0.0-alpha.6)
  - react-native-video/Video (6.0.0-alpha.6):
    - PromisesSwift
    - React-Core
  - React-perflogger (0.69.10)
  - React-RCTActionSheet (0.69.10):
    - React-Core/RCTActionSheetHeaders (= 0.69.10)
  - React-RCTAnimation (0.69.10):
    - RCT-Folly (= 2021.06.28.00-v2)
    - RCTTypeSafety (= 0.69.10)
    - React-Codegen (= 0.69.10)
    - React-Core/RCTAnimationHeaders (= 0.69.10)
    - React-jsi (= 0.69.10)
    - ReactCommon/turbomodule/core (= 0.69.10)
  - React-RCTBlob (0.69.10):
    - RCT-Folly (= 2021.06.28.00-v2)
    - React-Codegen (= 0.69.10)
    - React-Core/RCTBlobHeaders (= 0.69.10)
    - React-Core/RCTWebSocket (= 0.69.10)
    - React-jsi (= 0.69.10)
    - React-RCTNetwork (= 0.69.10)
    - ReactCommon/turbomodule/core (= 0.69.10)
  - React-RCTImage (0.69.10):
    - RCT-Folly (= 2021.06.28.00-v2)
    - RCTTypeSafety (= 0.69.10)
    - React-Codegen (= 0.69.10)
    - React-Core/RCTImageHeaders (= 0.69.10)
    - React-jsi (= 0.69.10)
    - React-RCTNetwork (= 0.69.10)
    - ReactCommon/turbomodule/core (= 0.69.10)
  - React-RCTLinking (0.69.10):
    - React-Codegen (= 0.69.10)
    - React-Core/RCTLinkingHeaders (= 0.69.10)
    - React-jsi (= 0.69.10)
    - ReactCommon/turbomodule/core (= 0.69.10)
  - React-RCTNetwork (0.69.10):
    - RCT-Folly (= 2021.06.28.00-v2)
    - RCTTypeSafety (= 0.69.10)
    - React-Codegen (= 0.69.10)
    - React-Core/RCTNetworkHeaders (= 0.69.10)
    - React-jsi (= 0.69.10)
    - ReactCommon/turbomodule/core (= 0.69.10)
  - React-RCTSettings (0.69.10):
    - RCT-Folly (= 2021.06.28.00-v2)
    - RCTTypeSafety (= 0.69.10)
    - React-Codegen (= 0.69.10)
    - React-Core/RCTSettingsHeaders (= 0.69.10)
    - React-jsi (= 0.69.10)
    - ReactCommon/turbomodule/core (= 0.69.10)
  - React-RCTText (0.69.10):
    - React-Core/RCTTextHeaders (= 0.69.10)
  - React-RCTVibration (0.69.10):
    - RCT-Folly (= 2021.06.28.00-v2)
    - React-Codegen (= 0.69.10)
    - React-Core/RCTVibrationHeaders (= 0.69.10)
    - React-jsi (= 0.69.10)
    - ReactCommon/turbomodule/core (= 0.69.10)
  - React-runtimeexecutor (0.69.10):
    - React-jsi (= 0.69.10)
  - ReactCommon/turbomodule/core (0.69.10):
    - DoubleConversion
    - glog
    - RCT-Folly (= 2021.06.28.00-v2)
    - React-bridging (= 0.69.10)
    - React-callinvoker (= 0.69.10)
    - React-Core (= 0.69.10)
    - React-cxxreact (= 0.69.10)
    - React-jsi (= 0.69.10)
    - React-logger (= 0.69.10)
    - React-perflogger (= 0.69.10)
  - ReactNativeKeyboardManager (4.0.13-17):
    - IQKeyboardManager (= 4.0.13)
    - React
    - React-RCTText
  - ReactNativeNavigation (2.12.0):
    - React
  - RNCAsyncStorage (1.18.1):
    - React-Core
  - RNCPicker (1.16.8):
    - React-Core
  - RNCPushNotificationIOS (1.11.0):
    - React-Core
  - RNDeviceInfo (10.6.0):
    - React-Core
  - RNFBApp (14.12.0):
    - Firebase/CoreOnly (= 8.15.0)
    - React-Core
  - RNFBMessaging (14.12.0):
    - Firebase/Messaging (= 8.15.0)
    - React-Core
    - RNFBApp
  - RNFS (2.20.0):
    - React-Core
  - RNGestureHandler (1.10.3):
    - React-Core
  - RNLocalize (2.2.6):
    - React-Core
  - RNReanimated (2.17.0):
    - DoubleConversion
    - FBLazyVector
    - FBReactNativeSpec
    - glog
    - RCT-Folly
    - RCTRequired
    - RCTTypeSafety
    - React-callinvoker
    - React-Core
    - React-Core/DevSupport
    - React-Core/RCTWebSocket
    - React-CoreModules
    - React-cxxreact
    - React-jsi
    - React-jsiexecutor
    - React-jsinspector
    - React-RCTActionSheet
    - React-RCTAnimation
    - React-RCTBlob
    - React-RCTImage
    - React-RCTLinking
    - React-RCTNetwork
    - React-RCTSettings
    - React-RCTText
    - ReactCommon/turbomodule/core
    - Yoga
  - RNScreens (3.20.0):
    - React-Core
    - React-RCTImage
  - RNSentry (4.15.1):
    - React-Core
    - Sentry/HybridSDK (= 7.31.5)
  - RNSound (0.11.2):
    - React-Core
    - RNSound/Core (= 0.11.2)
  - RNSound/Core (0.11.2):
    - React-Core
  - RNSVG (9.13.6):
    - React
  - RNVectorIcons (9.2.0):
    - React-Core
  - Sentry/HybridSDK (7.31.5)
  - toolbar-android (0.2.1):
    - React
  - Yoga (1.14.0)

DEPENDENCIES:
  - agora-react-native-rtm (from `../node_modules/agora-react-native-rtm`)
  - boost (from `../node_modules/react-native/third-party-podspecs/boost.podspec`)
  - BVLinearGradient (from `../node_modules/react-native-linear-gradient`)
  - Crashlytics
  - DoubleConversion (from `../node_modules/react-native/third-party-podspecs/DoubleConversion.podspec`)
  - Fabric
  - FBLazyVector (from `../node_modules/react-native/Libraries/FBLazyVector`)
  - FBReactNativeSpec (from `../node_modules/react-native/React/FBReactNativeSpec`)
  - Firebase
  - FirebaseCore
  - glog (from `../node_modules/react-native/third-party-podspecs/glog.podspec`)
  - GoogleUtilities
  - RCT-Folly (from `../node_modules/react-native/third-party-podspecs/RCT-Folly.podspec`)
  - RCTRequired (from `../node_modules/react-native/Libraries/RCTRequired`)
  - RCTSystemSetting (from `../node_modules/react-native-system-setting`)
  - RCTTypeSafety (from `../node_modules/react-native/Libraries/TypeSafety`)
  - React (from `../node_modules/react-native/`)
  - React-bridging (from `../node_modules/react-native/ReactCommon`)
  - React-callinvoker (from `../node_modules/react-native/ReactCommon/callinvoker`)
  - React-Codegen (from `build/generated/ios`)
  - React-Core (from `../node_modules/react-native/`)
  - React-Core/RCTWebSocket (from `../node_modules/react-native/`)
  - React-CoreModules (from `../node_modules/react-native/React/CoreModules`)
  - React-cxxreact (from `../node_modules/react-native/ReactCommon/cxxreact`)
  - React-jsi (from `../node_modules/react-native/ReactCommon/jsi`)
  - React-jsiexecutor (from `../node_modules/react-native/ReactCommon/jsiexecutor`)
  - React-jsinspector (from `../node_modules/react-native/ReactCommon/jsinspector`)
  - React-logger (from `../node_modules/react-native/ReactCommon/logger`)
  - react-native-agora (from `../node_modules/react-native-agora`)
  - react-native-orientation (from `../node_modules/react-native-orientation`)
  - react-native-safe-area-context (from `../node_modules/react-native-safe-area-context`)
  - "react-native-slider (from `../node_modules/@react-native-community/slider`)"
  - react-native-video (from `../node_modules/react-native-video`)
  - React-perflogger (from `../node_modules/react-native/ReactCommon/reactperflogger`)
  - React-RCTActionSheet (from `../node_modules/react-native/Libraries/ActionSheetIOS`)
  - React-RCTAnimation (from `../node_modules/react-native/Libraries/NativeAnimation`)
  - React-RCTBlob (from `../node_modules/react-native/Libraries/Blob`)
  - React-RCTImage (from `../node_modules/react-native/Libraries/Image`)
  - React-RCTLinking (from `../node_modules/react-native/Libraries/LinkingIOS`)
  - React-RCTNetwork (from `../node_modules/react-native/Libraries/Network`)
  - React-RCTSettings (from `../node_modules/react-native/Libraries/Settings`)
  - React-RCTText (from `../node_modules/react-native/Libraries/Text`)
  - React-RCTVibration (from `../node_modules/react-native/Libraries/Vibration`)
  - React-runtimeexecutor (from `../node_modules/react-native/ReactCommon/runtimeexecutor`)
  - ReactCommon/turbomodule/core (from `../node_modules/react-native/ReactCommon`)
  - ReactNativeKeyboardManager (from `../node_modules/react-native-keyboard-manager`)
  - ReactNativeNavigation (from `../node_modules/react-native-navigation`)
  - "RNCAsyncStorage (from `../node_modules/@react-native-async-storage/async-storage`)"
  - "RNCPicker (from `../node_modules/@react-native-picker/picker`)"
  - "RNCPushNotificationIOS (from `../node_modules/@react-native-community/push-notification-ios`)"
  - RNDeviceInfo (from `../node_modules/react-native-device-info`)
  - "RNFBApp (from `../node_modules/@react-native-firebase/app`)"
  - "RNFBMessaging (from `../node_modules/@react-native-firebase/messaging`)"
  - RNFS (from `../node_modules/react-native-fs`)
  - RNGestureHandler (from `../node_modules/react-native-gesture-handler`)
  - RNLocalize (from `../node_modules/react-native-localize`)
  - RNReanimated (from `../node_modules/react-native-reanimated`)
  - RNScreens (from `../node_modules/react-native-screens`)
  - "RNSentry (from `../node_modules/@sentry/react-native`)"
  - RNSound (from `../node_modules/react-native-sound`)
  - RNSVG (from `../node_modules/react-native-svg`)
  - RNVectorIcons (from `../node_modules/react-native-vector-icons`)
  - "toolbar-android (from `../node_modules/@react-native-community/toolbar-android`)"
  - Yoga (from `../node_modules/react-native/ReactCommon/yoga`)

SPEC REPOS:
  trunk:
    - AgoraRtcEngine_iOS
    - AgoraRtm_iOS
    - Crashlytics
    - Fabric
    - Firebase
    - FirebaseAnalytics
    - FirebaseCore
    - FirebaseCoreDiagnostics
    - FirebaseInstallations
    - FirebaseMessaging
    - fmt
    - GoogleAppMeasurement
    - GoogleDataTransport
    - GoogleUtilities
    - IQKeyboardManager
    - nanopb
    - PromisesObjC
    - PromisesSwift
    - Sentry

EXTERNAL SOURCES:
  agora-react-native-rtm:
    :path: "../node_modules/agora-react-native-rtm"
  boost:
    :podspec: "../node_modules/react-native/third-party-podspecs/boost.podspec"
  BVLinearGradient:
    :path: "../node_modules/react-native-linear-gradient"
  DoubleConversion:
    :podspec: "../node_modules/react-native/third-party-podspecs/DoubleConversion.podspec"
  FBLazyVector:
    :path: "../node_modules/react-native/Libraries/FBLazyVector"
  FBReactNativeSpec:
    :path: "../node_modules/react-native/React/FBReactNativeSpec"
  glog:
    :podspec: "../node_modules/react-native/third-party-podspecs/glog.podspec"
  RCT-Folly:
    :podspec: "../node_modules/react-native/third-party-podspecs/RCT-Folly.podspec"
  RCTRequired:
    :path: "../node_modules/react-native/Libraries/RCTRequired"
  RCTSystemSetting:
    :path: "../node_modules/react-native-system-setting"
  RCTTypeSafety:
    :path: "../node_modules/react-native/Libraries/TypeSafety"
  React:
    :path: "../node_modules/react-native/"
  React-bridging:
    :path: "../node_modules/react-native/ReactCommon"
  React-callinvoker:
    :path: "../node_modules/react-native/ReactCommon/callinvoker"
  React-Codegen:
    :path: build/generated/ios
  React-Core:
    :path: "../node_modules/react-native/"
  React-CoreModules:
    :path: "../node_modules/react-native/React/CoreModules"
  React-cxxreact:
    :path: "../node_modules/react-native/ReactCommon/cxxreact"
  React-jsi:
    :path: "../node_modules/react-native/ReactCommon/jsi"
  React-jsiexecutor:
    :path: "../node_modules/react-native/ReactCommon/jsiexecutor"
  React-jsinspector:
    :path: "../node_modules/react-native/ReactCommon/jsinspector"
  React-logger:
    :path: "../node_modules/react-native/ReactCommon/logger"
  react-native-agora:
    :path: "../node_modules/react-native-agora"
  react-native-orientation:
    :path: "../node_modules/react-native-orientation"
  react-native-safe-area-context:
    :path: "../node_modules/react-native-safe-area-context"
  react-native-slider:
    :path: "../node_modules/@react-native-community/slider"
  react-native-video:
    :path: "../node_modules/react-native-video"
  React-perflogger:
    :path: "../node_modules/react-native/ReactCommon/reactperflogger"
  React-RCTActionSheet:
    :path: "../node_modules/react-native/Libraries/ActionSheetIOS"
  React-RCTAnimation:
    :path: "../node_modules/react-native/Libraries/NativeAnimation"
  React-RCTBlob:
    :path: "../node_modules/react-native/Libraries/Blob"
  React-RCTImage:
    :path: "../node_modules/react-native/Libraries/Image"
  React-RCTLinking:
    :path: "../node_modules/react-native/Libraries/LinkingIOS"
  React-RCTNetwork:
    :path: "../node_modules/react-native/Libraries/Network"
  React-RCTSettings:
    :path: "../node_modules/react-native/Libraries/Settings"
  React-RCTText:
    :path: "../node_modules/react-native/Libraries/Text"
  React-RCTVibration:
    :path: "../node_modules/react-native/Libraries/Vibration"
  React-runtimeexecutor:
    :path: "../node_modules/react-native/ReactCommon/runtimeexecutor"
  ReactCommon:
    :path: "../node_modules/react-native/ReactCommon"
  ReactNativeKeyboardManager:
    :path: "../node_modules/react-native-keyboard-manager"
  ReactNativeNavigation:
    :path: "../node_modules/react-native-navigation"
  RNCAsyncStorage:
    :path: "../node_modules/@react-native-async-storage/async-storage"
  RNCPicker:
    :path: "../node_modules/@react-native-picker/picker"
  RNCPushNotificationIOS:
    :path: "../node_modules/@react-native-community/push-notification-ios"
  RNDeviceInfo:
    :path: "../node_modules/react-native-device-info"
  RNFBApp:
    :path: "../node_modules/@react-native-firebase/app"
  RNFBMessaging:
    :path: "../node_modules/@react-native-firebase/messaging"
  RNFS:
    :path: "../node_modules/react-native-fs"
  RNGestureHandler:
    :path: "../node_modules/react-native-gesture-handler"
  RNLocalize:
    :path: "../node_modules/react-native-localize"
  RNReanimated:
    :path: "../node_modules/react-native-reanimated"
  RNScreens:
    :path: "../node_modules/react-native-screens"
  RNSentry:
    :path: "../node_modules/@sentry/react-native"
  RNSound:
    :path: "../node_modules/react-native-sound"
  RNSVG:
    :path: "../node_modules/react-native-svg"
  RNVectorIcons:
    :path: "../node_modules/react-native-vector-icons"
  toolbar-android:
    :path: "../node_modules/@react-native-community/toolbar-android"
  Yoga:
    :path: "../node_modules/react-native/ReactCommon/yoga"

SPEC CHECKSUMS:
  agora-react-native-rtm: 20cd594088d33caa46c75f2d079efbac62848cec
  AgoraRtcEngine_iOS: b2eedd8f9ab47b71163f3285e836bd23feb43fff
  AgoraRtm_iOS: 595a9fa33a409831e6183396ea8f8bc563918403
  boost: a7c83b31436843459a1961bfd74b96033dc77234
  BVLinearGradient: 34a999fda29036898a09c6a6b728b0b4189e1a44
  Crashlytics: 9220f5bc89e7a618df411b4f639389dbfb0e03d2
  DoubleConversion: 5189b271737e1565bdce30deb4a08d647e3f5f54
  Fabric: ea977e3cd9c20425516d3dafd3bf8c941c51223f
  FBLazyVector: a8af91c2b5a0029d12ff6b32e428863d63c48991
  FBReactNativeSpec: ec5e878f6452a3de5430e0b2324a4d4ae6ac63f6
  Firebase: 5f8193dff4b5b7c5d5ef72ae54bb76c08e2b841d
  FirebaseAnalytics: 7761cbadb00a717d8d0939363eb46041526474fa
  FirebaseCore: 5743c5785c074a794d35f2fff7ecc254a91e08b1
  FirebaseCoreDiagnostics: 92e07a649aeb66352b319d43bdd2ee3942af84cb
  FirebaseInstallations: 40bd9054049b2eae9a2c38ef1c3dd213df3605cd
  FirebaseMessaging: 5e5118a2383b3531e730d974680954c679ca0a13
  fmt: ff9d55029c625d3757ed641535fd4a75fedc7ce9
  glog: 3d02b25ca00c2d456734d0bcff864cbc62f6ae1a
  GoogleAppMeasurement: 4c19f031220c72464d460c9daa1fb5d1acce958e
  GoogleDataTransport: f0308f5905a745f94fb91fea9c6cbaf3831cb1bd
  GoogleUtilities: 9aa0ad5a7bc171f8bae016300bfcfa3fb8425749
  IQKeyboardManager: 8eab4d8111418414619d1df8e4779ce5d0f8d7e2
  nanopb: a0ba3315591a9ae0a16a309ee504766e90db0c96
  PromisesObjC: 09985d6d70fbe7878040aa746d78236e6946d2ef
  PromisesSwift: cf9eb58666a43bbe007302226e510b16c1e10959
  RCT-Folly: b9d9fe1fc70114b751c076104e52f3b1b5e5a95a
  RCTRequired: 3581db0757e7ff9be10718a56b3d79b6a6bd3bdf
  RCTSystemSetting: 5107b7350d63b3f7b42a1277d07e4e5d9df879be
  RCTTypeSafety: ce13e630c48340401ebfb28710959913f74b8b36
  React: cca8f2b7cce018f79847ca79847fa367b206e8a1
  React-bridging: b893643f09d3964afba6c347e00dd86cf10691e5
  React-callinvoker: 9ac7cba30428eddf7a06d1253f8e7561b5c97334
  React-Codegen: 65ff9fbddf8a17a6d4f495f71d365288f934a93a
  React-Core: 550b694774bc778b5c7bf7608fc12a484e01ec05
  React-CoreModules: c332d5b416cb3ccf972e7af79d496498a700e073
  React-cxxreact: c5c4106bfd2d0cee80b848e33b7ff4e35a721b16
  React-jsi: 6ff3fb9b9764a499c959e0096c0d384fa2b4beef
  React-jsiexecutor: 388f1c99404c848141d7ea162f61233d04829ede
  React-jsinspector: a4463b3411b8b9b37153255ef694a84c77ba3c7f
  React-logger: 2a0497622cbabc47fb769d97620952df14c1f814
  react-native-agora: 675d6fe3aba144b2d054758f167dae13711ba47a
  react-native-orientation: f1caf84d65f1a4fd4511a18f2b924e634ad7a628
  react-native-safe-area-context: 1d596539b05a78f2b346e954e7c577f6f9be7544
  react-native-slider: e51492f1264d882a8815b71c5870f8978e52887d
  react-native-video: fee89269ad07556d960721f3b62e39be6ace3c90
  React-perflogger: bc57c4a953c1ec913b0d984cf4f2b9842a12bde0
  React-RCTActionSheet: 3efa3546119a1050f6c34a461b386dd9e36eaf0b
  React-RCTAnimation: e58fb9f1adf7b38af329881ea2740f43ffeea854
  React-RCTBlob: d2238645553c3ec787324268c0676148d86e6cc4
  React-RCTImage: e6d7c9ab978cae99364fcc96b9238fc7740a13da
  React-RCTLinking: 329e88ce217dad464ef34b5d0c40b3ceaac6c9ec
  React-RCTNetwork: c8967f2382aac31761ddb750fee53fa34cf7a4ee
  React-RCTSettings: 8a825b4b5ea58f6713a7c97eea6cc82e9895188b
  React-RCTText: ffcaac5c66bc065f2ccf79b6fe34585adb9e589b
  React-RCTVibration: 0039c986626b78242401931bb23c803935fae9d1
  React-runtimeexecutor: 5ebf1ddaa706bf2986123f22d2cad905443c2c5f
  ReactCommon: 65754b8932ea80272714988268bbfb9f303264a5
  ReactNativeKeyboardManager: d0e285b82ef60a861d71834d8e996fbc09607a67
  ReactNativeNavigation: 55fde2ac2cb38be1d5dc5fee29e173961c559a5a
  RNCAsyncStorage: b90b71f45b8b97be43bc4284e71a6af48ac9f547
  RNCPicker: 0991c56da7815c0cf946d6f63cf920b25296e5f6
  RNCPushNotificationIOS: 64218f3c776c03d7408284a819b2abfda1834bc8
  RNDeviceInfo: 475a4c447168d0ad4c807e48ef5e0963a0f4eb1b
  RNFBApp: 2d39ec9a9dd25f18e96009053af087b9ed714626
  RNFBMessaging: ed43c957c714ca8baa6c0f09704fabaa9601c48a
  RNFS: 4ac0f0ea233904cb798630b3c077808c06931688
  RNGestureHandler: a479ebd5ed4221a810967000735517df0d2db211
  RNLocalize: d4b8af4e442d4bcca54e68fc687a2129b4d71a81
  RNReanimated: c6f8f70e96dd6ca21b65aef9b3e4efe4965db905
  RNScreens: 218801c16a2782546d30bd2026bb625c0302d70f
  RNSentry: 9f95cf61951576c447fc90368dfdde2faa736d2c
  RNSound: 6c156f925295bdc83e8e422e7d8b38d33bc71852
  RNSVG: 8ba35cbeb385a52fd960fd28db9d7d18b4c2974f
  RNVectorIcons: fcc2f6cb32f5735b586e66d14103a74ce6ad61f8
  Sentry: 4c9babff9034785067c896fd580b1f7de44da020
  toolbar-android: 2a73856e98b750d7e71ce4644d3f41cc98211719
  Yoga: d24d6184b6b85f742536bd93bd07d69d7b9bb4c1

PODFILE CHECKSUM: 42bdf93c99e192d12b12c57efca2a29a1c7f70c8

COCOAPODS: 1.11.2
